
Microsoft Visual Studio Solution File, Format Version 12.00
# Visual Studio Version 16
VisualStudioVersion = 16.0.29123.88
MinimumVisualStudioVersion = 10.0.40219.1
Project("{FAE04EC0-301F-11D3-BF4B-00C04F79EFBC}") = "Open.Coercion", "Open.Coercion.csproj", "{A406BC2D-920B-4A53-A1D8-208BF52CCF24}"
EndProject
Project("{FAE04EC0-301F-11D3-BF4B-00C04F79EFBC}") = "Open.Coercion.Tests", "..\Open.Coercion.Tests\Open.Coercion.Tests.csproj", "{1DF24DBD-4ADC-40C3-9854-AFE2CD69C26F}"
EndProject
Global
	GlobalSection(SolutionConfigurationPlatforms) = preSolution
		Debug|Any CPU = Debug|Any CPU
		Release|Any CPU = Release|Any CPU
	EndGlobalSection
	GlobalSection(ProjectConfigurationPlatforms) = postSolution
		{A406BC2D-920B-4A53-A1D8-208BF52CCF24}.Debug|Any CPU.ActiveCfg = Debug|Any CPU
		{A406BC2D-920B-4A53-A1D8-208BF52CCF24}.Debug|Any CPU.Build.0 = Debug|Any CPU
		{A406BC2D-920B-4A53-A1D8-208BF52CCF24}.Release|Any CPU.ActiveCfg = Release|Any CPU
		{A406BC2D-920B-4A53-A1D8-208BF52CCF24}.Release|Any CPU.Build.0 = Release|Any CPU
		{1DF24DBD-4ADC-40C3-9854-AFE2CD69C26F}.Debug|Any CPU.ActiveCfg = Debug|Any CPU
		{1DF24DBD-4ADC-40C3-9854-AFE2CD69C26F}.Debug|Any CPU.Build.0 = Debug|Any CPU
		{1DF24DBD-4ADC-40C3-9854-AFE2CD69C26F}.Release|Any CPU.ActiveCfg = Release|Any CPU
		{1DF24DBD-4ADC-40C3-9854-AFE2CD69C26F}.Release|Any CPU.Build.0 = Release|Any CPU
	EndGlobalSection
	GlobalSection(SolutionProperties) = preSolution
		HideSolutionNode = FALSE
	EndGlobalSection
	GlobalSection(ExtensibilityGlobals) = postSolution
		SolutionGuid = {5494243A-E76D-47AD-8E20-B9F36C4660C9}
	EndGlobalSection
EndGlobal
